
Microsoft Visual Studio Solution File, Format Version 12.00
# Visual Studio Version 17
VisualStudioVersion = 17.14.36408.4
MinimumVisualStudioVersion = 10.0.40219.1
Project("{FAE04EC0-301F-11D3-BF4B-00C04F79EFBC}") = "MatchaLatteReviews", "MatchaLatteReviews.csproj", "{9EA2981B-A5AD-4467-A7FD-844EF9D05629}"
EndProject
Global
	GlobalSection(SolutionConfigurationPlatforms) = preSolution
		Debug|Any CPU = Debug|Any CPU
		Release|Any CPU = Release|Any CPU
	EndGlobalSection
	GlobalSection(ProjectConfigurationPlatforms) = postSolution
		{9EA2981B-A5AD-4467-A7FD-844EF9D05629}.Debug|Any CPU.ActiveCfg = Debug|Any CPU
		{9EA2981B-A5AD-4467-A7FD-844EF9D05629}.Debug|Any CPU.Build.0 = Debug|Any CPU
		{9EA2981B-A5AD-4467-A7FD-844EF9D05629}.Release|Any CPU.ActiveCfg = Release|Any CPU
		{9EA2981B-A5AD-4467-A7FD-844EF9D05629}.Release|Any CPU.Build.0 = Release|Any CPU
	EndGlobalSection
	GlobalSection(SolutionProperties) = preSolution
		HideSolutionNode = FALSE
	EndGlobalSection
	GlobalSection(ExtensibilityGlobals) = postSolution
		SolutionGuid = {26EF5DB5-224C-4D3E-9B4E-F98DD749680A}
	EndGlobalSection
EndGlobal
